
Microsoft Visual Studio Solution File, Format Version 12.00
# Visual Studio Version 16
VisualStudioVersion = 16.0.29613.14
MinimumVisualStudioVersion = 10.0.40219.1
Project("{8BC9CEB8-8B4A-11D0-8D11-00A0C91BC942}") = "MyARKDriver", "MyARKDriver\MyARKDriver.vcxproj", "{E3B8CECA-D8E5-4DF0-9B01-8F290447A829}"
EndProject
Global
	GlobalSection(SolutionConfigurationPlatforms) = preSolution
		Debug|ARM = Debug|ARM
		Debug|ARM64 = Debug|ARM64
		Debug|x64 = Debug|x64
		Debug|x86 = Debug|x86
		Release|ARM = Release|ARM
		Release|ARM64 = Release|ARM64
		Release|x64 = Release|x64
		Release|x86 = Release|x86
	EndGlobalSection
	GlobalSection(ProjectConfigurationPlatforms) = postSolution
		{E3B8CECA-D8E5-4DF0-9B01-8F290447A829}.Debug|ARM.ActiveCfg = Debug|ARM
		{E3B8CECA-D8E5-4DF0-9B01-8F290447A829}.Debug|ARM.Build.0 = Debug|ARM
		{E3B8CECA-D8E5-4DF0-9B01-8F290447A829}.Debug|ARM.Deploy.0 = Debug|ARM
		{E3B8CECA-D8E5-4DF0-9B01-8F290447A829}.Debug|ARM64.ActiveCfg = Debug|ARM64
		{E3B8CECA-D8E5-4DF0-9B01-8F290447A829}.Debug|ARM64.Build.0 = Debug|ARM64
		{E3B8CECA-D8E5-4DF0-9B01-8F290447A829}.Debug|ARM64.Deploy.0 = Debug|ARM64
		{E3B8CECA-D8E5-4DF0-9B01-8F290447A829}.Debug|x64.ActiveCfg = Debug|x64
		{E3B8CECA-D8E5-4DF0-9B01-8F290447A829}.Debug|x64.Build.0 = Debug|x64
		{E3B8CECA-D8E5-4DF0-9B01-8F290447A829}.Debug|x64.Deploy.0 = Debug|x64
		{E3B8CECA-D8E5-4DF0-9B01-8F290447A829}.Debug|x86.ActiveCfg = Debug|Win32
		{E3B8CECA-D8E5-4DF0-9B01-8F290447A829}.Debug|x86.Build.0 = Debug|Win32
		{E3B8CECA-D8E5-4DF0-9B01-8F290447A829}.Debug|x86.Deploy.0 = Debug|Win32
		{E3B8CECA-D8E5-4DF0-9B01-8F290447A829}.Release|ARM.ActiveCfg = Release|ARM
		{E3B8CECA-D8E5-4DF0-9B01-8F290447A829}.Release|ARM.Build.0 = Release|ARM
		{E3B8CECA-D8E5-4DF0-9B01-8F290447A829}.Release|ARM.Deploy.0 = Release|ARM
		{E3B8CECA-D8E5-4DF0-9B01-8F290447A829}.Release|ARM64.ActiveCfg = Release|ARM64
		{E3B8CECA-D8E5-4DF0-9B01-8F290447A829}.Release|ARM64.Build.0 = Release|ARM64
		{E3B8CECA-D8E5-4DF0-9B01-8F290447A829}.Release|ARM64.Deploy.0 = Release|ARM64
		{E3B8CECA-D8E5-4DF0-9B01-8F290447A829}.Release|x64.ActiveCfg = Release|x64
		{E3B8CECA-D8E5-4DF0-9B01-8F290447A829}.Release|x64.Build.0 = Release|x64
		{E3B8CECA-D8E5-4DF0-9B01-8F290447A829}.Release|x64.Deploy.0 = Release|x64
		{E3B8CECA-D8E5-4DF0-9B01-8F290447A829}.Release|x86.ActiveCfg = Release|Win32
		{E3B8CECA-D8E5-4DF0-9B01-8F290447A829}.Release|x86.Build.0 = Release|Win32
		{E3B8CECA-D8E5-4DF0-9B01-8F290447A829}.Release|x86.Deploy.0 = Release|Win32
	EndGlobalSection
	GlobalSection(SolutionProperties) = preSolution
		HideSolutionNode = FALSE
	EndGlobalSection
	GlobalSection(ExtensibilityGlobals) = postSolution
		SolutionGuid = {D1A2E5EC-7B4D-4ADC-8C45-DB54D78DE729}
	EndGlobalSection
EndGlobal
